
Microsoft Visual Studio Solution File, Format Version 12.00
# Visual Studio Version 16
VisualStudioVersion = 16.0.32407.337
MinimumVisualStudioVersion = 10.0.40219.1
Project("{FAE04EC0-301F-11D3-BF4B-00C04F79EFBC}") = "timp_lab2", "timp_lab2.csproj", "{E4BEA019-E7A3-4223-B110-8F6D4FBC2683}"
EndProject
Global
	GlobalSection(SolutionConfigurationPlatforms) = preSolution
		Debug|Any CPU = Debug|Any CPU
		Release|Any CPU = Release|Any CPU
	EndGlobalSection
	GlobalSection(ProjectConfigurationPlatforms) = postSolution
		{E4BEA019-E7A3-4223-B110-8F6D4FBC2683}.Debug|Any CPU.ActiveCfg = Debug|Any CPU
		{E4BEA019-E7A3-4223-B110-8F6D4FBC2683}.Debug|Any CPU.Build.0 = Debug|Any CPU
		{E4BEA019-E7A3-4223-B110-8F6D4FBC2683}.Release|Any CPU.ActiveCfg = Release|Any CPU
		{E4BEA019-E7A3-4223-B110-8F6D4FBC2683}.Release|Any CPU.Build.0 = Release|Any CPU
	EndGlobalSection
	GlobalSection(SolutionProperties) = preSolution
		HideSolutionNode = FALSE
	EndGlobalSection
	GlobalSection(ExtensibilityGlobals) = postSolution
		SolutionGuid = {3AB93086-9CE4-4E3F-AD6E-FB06BDB33E53}
	EndGlobalSection
EndGlobal
